
Microsoft Visual Studio Solution File, Format Version 12.00
# Visual Studio Version 17
VisualStudioVersion = 17.9.34622.214
MinimumVisualStudioVersion = 10.0.40219.1
Project("{FAE04EC0-301F-11D3-BF4B-00C04F79EFBC}") = "CWHZ1", "CWHZ1\CWHZ1.csproj", "{C575CC1B-A463-4F37-8533-F24D3A04706E}"
EndProject
Global
	GlobalSection(SolutionConfigurationPlatforms) = preSolution
		Debug|Any CPU = Debug|Any CPU
		Release|Any CPU = Release|Any CPU
	EndGlobalSection
	GlobalSection(ProjectConfigurationPlatforms) = postSolution
		{C575CC1B-A463-4F37-8533-F24D3A04706E}.Debug|Any CPU.ActiveCfg = Debug|Any CPU
		{C575CC1B-A463-4F37-8533-F24D3A04706E}.Debug|Any CPU.Build.0 = Debug|Any CPU
		{C575CC1B-A463-4F37-8533-F24D3A04706E}.Release|Any CPU.ActiveCfg = Release|Any CPU
		{C575CC1B-A463-4F37-8533-F24D3A04706E}.Release|Any CPU.Build.0 = Release|Any CPU
	EndGlobalSection
	GlobalSection(SolutionProperties) = preSolution
		HideSolutionNode = FALSE
	EndGlobalSection
	GlobalSection(ExtensibilityGlobals) = postSolution
		SolutionGuid = {E155BEDB-5652-4ACE-9F85-CE03F074FA05}
	EndGlobalSection
EndGlobal
